
Microsoft Visual Studio Solution File, Format Version 12.00
# Visual Studio 15
VisualStudioVersion = 15.0.26730.16
MinimumVisualStudioVersion = 10.0.40219.1
Project("{FAE04EC0-301F-11D3-BF4B-00C04F79EFBC}") = "GeradorDesculpas.Mobile.Android", "GeradorDesculpas.Mobile\GeradorDesculpas.Mobile.Android\GeradorDesculpas.Mobile.Android.csproj", "{1312A2D2-180B-4C33-A929-0C950F99DA27}"
EndProject
Project("{FAE04EC0-301F-11D3-BF4B-00C04F79EFBC}") = "GeradorDesculpas.Mobile", "GeradorDesculpas.Mobile\GeradorDesculpas.Mobile\GeradorDesculpas.Mobile.csproj", "{E8EB5917-E1B5-4B59-A000-4DBD55CC3C39}"
EndProject
Project("{FAE04EC0-301F-11D3-BF4B-00C04F79EFBC}") = "GeradorDesculpas.Mobile.UWP", "GeradorDesculpas.Mobile\GeradorDesculpas.Mobile.UWP\GeradorDesculpas.Mobile.UWP.csproj", "{B14BAF6B-848C-4B0A-B7D0-6A01AF34BF50}"
EndProject
Project("{FAE04EC0-301F-11D3-BF4B-00C04F79EFBC}") = "GeradorDesculpas.Mobile.iOS", "GeradorDesculpas.Mobile\GeradorDesculpas.Mobile.iOS\GeradorDesculpas.Mobile.iOS.csproj", "{A9C7C801-C84E-4B1A-98AE-356EB437F28F}"
EndProject
Global
	GlobalSection(SolutionConfigurationPlatforms) = preSolution
		Ad-Hoc|Any CPU = Ad-Hoc|Any CPU
		Ad-Hoc|ARM = Ad-Hoc|ARM
		Ad-Hoc|iPhone = Ad-Hoc|iPhone
		Ad-Hoc|iPhoneSimulator = Ad-Hoc|iPhoneSimulator
		Ad-Hoc|x64 = Ad-Hoc|x64
		Ad-Hoc|x86 = Ad-Hoc|x86
		AppStore|Any CPU = AppStore|Any CPU
		AppStore|ARM = AppStore|ARM
		AppStore|iPhone = AppStore|iPhone
		AppStore|iPhoneSimulator = AppStore|iPhoneSimulator
		AppStore|x64 = AppStore|x64
		AppStore|x86 = AppStore|x86
		Debug|Any CPU = Debug|Any CPU
		Debug|ARM = Debug|ARM
		Debug|iPhone = Debug|iPhone
		Debug|iPhoneSimulator = Debug|iPhoneSimulator
		Debug|x64 = Debug|x64
		Debug|x86 = Debug|x86
		Release|Any CPU = Release|Any CPU
		Release|ARM = Release|ARM
		Release|iPhone = Release|iPhone
		Release|iPhoneSimulator = Release|iPhoneSimulator
		Release|x64 = Release|x64
		Release|x86 = Release|x86
	EndGlobalSection
	GlobalSection(ProjectConfigurationPlatforms) = postSolution
		{1312A2D2-180B-4C33-A929-0C950F99DA27}.Ad-Hoc|Any CPU.ActiveCfg = Release|Any CPU
		{1312A2D2-180B-4C33-A929-0C950F99DA27}.Ad-Hoc|Any CPU.Build.0 = Release|Any CPU
		{1312A2D2-180B-4C33-A929-0C950F99DA27}.Ad-Hoc|Any CPU.Deploy.0 = Release|Any CPU
		{1312A2D2-180B-4C33-A929-0C950F99DA27}.Ad-Hoc|ARM.ActiveCfg = Release|Any CPU
		{1312A2D2-180B-4C33-A929-0C950F99DA27}.Ad-Hoc|ARM.Build.0 = Release|Any CPU
		{1312A2D2-180B-4C33-A929-0C950F99DA27}.Ad-Hoc|ARM.Deploy.0 = Release|Any CPU
		{1312A2D2-180B-4C33-A929-0C950F99DA27}.Ad-Hoc|iPhone.ActiveCfg = Release|Any CPU
		{1312A2D2-180B-4C33-A929-0C950F99DA27}.Ad-Hoc|iPhone.Build.0 = Release|Any CPU
		{1312A2D2-180B-4C33-A929-0C950F99DA27}.Ad-Hoc|iPhone.Deploy.0 = Release|Any CPU
		{1312A2D2-180B-4C33-A929-0C950F99DA27}.Ad-Hoc|iPhoneSimulator.ActiveCfg = Release|Any CPU
		{1312A2D2-180B-4C33-A929-0C950F99DA27}.Ad-Hoc|iPhoneSimulator.Build.0 = Release|Any CPU
		{1312A2D2-180B-4C33-A929-0C950F99DA27}.Ad-Hoc|iPhoneSimulator.Deploy.0 = Release|Any CPU
		{1312A2D2-180B-4C33-A929-0C950F99DA27}.Ad-Hoc|x64.ActiveCfg = Release|Any CPU
		{1312A2D2-180B-4C33-A929-0C950F99DA27}.Ad-Hoc|x64.Build.0 = Release|Any CPU
		{1312A2D2-180B-4C33-A929-0C950F99DA27}.Ad-Hoc|x64.Deploy.0 = Release|Any CPU
		{1312A2D2-180B-4C33-A929-0C950F99DA27}.Ad-Hoc|x86.ActiveCfg = Release|Any CPU
		{1312A2D2-180B-4C33-A929-0C950F99DA27}.Ad-Hoc|x86.Build.0 = Release|Any CPU
		{1312A2D2-180B-4C33-A929-0C950F99DA27}.Ad-Hoc|x86.Deploy.0 = Release|Any CPU
		{1312A2D2-180B-4C33-A929-0C950F99DA27}.AppStore|Any CPU.ActiveCfg = Release|Any CPU
		{1312A2D2-180B-4C33-A929-0C950F99DA27}.AppStore|Any CPU.Build.0 = Release|Any CPU
		{1312A2D2-180B-4C33-A929-0C950F99DA27}.AppStore|Any CPU.Deploy.0 = Release|Any CPU
		{1312A2D2-180B-4C33-A929-0C950F99DA27}.AppStore|ARM.ActiveCfg = Release|Any CPU
		{1312A2D2-180B-4C33-A929-0C950F99DA27}.AppStore|ARM.Build.0 = Release|Any CPU
		{1312A2D2-180B-4C33-A929-0C950F99DA27}.AppStore|ARM.Deploy.0 = Release|Any CPU
		{1312A2D2-180B-4C33-A929-0C950F99DA27}.AppStore|iPhone.ActiveCfg = Release|Any CPU
		{1312A2D2-180B-4C33-A929-0C950F99DA27}.AppStore|iPhone.Build.0 = Release|Any CPU
		{1312A2D2-180B-4C33-A929-0C950F99DA27}.AppStore|iPhone.Deploy.0 = Release|Any CPU
		{1312A2D2-180B-4C33-A929-0C950F99DA27}.AppStore|iPhoneSimulator.ActiveCfg = Release|Any CPU
		{1312A2D2-180B-4C33-A929-0C950F99DA27}.AppStore|iPhoneSimulator.Build.0 = Release|Any CPU
		{1312A2D2-180B-4C33-A929-0C950F99DA27}.AppStore|iPhoneSimulator.Deploy.0 = Release|Any CPU
		{1312A2D2-180B-4C33-A929-0C950F99DA27}.AppStore|x64.ActiveCfg = Release|Any CPU
		{1312A2D2-180B-4C33-A929-0C950F99DA27}.AppStore|x64.Build.0 = Release|Any CPU
		{1312A2D2-180B-4C33-A929-0C950F99DA27}.AppStore|x64.Deploy.0 = Release|Any CPU
		{1312A2D2-180B-4C33-A929-0C950F99DA27}.AppStore|x86.ActiveCfg = Release|Any CPU
		{1312A2D2-180B-4C33-A929-0C950F99DA27}.AppStore|x86.Build.0 = Release|Any CPU
		{1312A2D2-180B-4C33-A929-0C950F99DA27}.AppStore|x86.Deploy.0 = Release|Any CPU
		{1312A2D2-180B-4C33-A929-0C950F99DA27}.Debug|Any CPU.ActiveCfg = Debug|Any CPU
		{1312A2D2-180B-4C33-A929-0C950F99DA27}.Debug|Any CPU.Build.0 = Debug|Any CPU
		{1312A2D2-180B-4C33-A929-0C950F99DA27}.Debug|Any CPU.Deploy.0 = Debug|Any CPU
		{1312A2D2-180B-4C33-A929-0C950F99DA27}.Debug|ARM.ActiveCfg = Debug|Any CPU
		{1312A2D2-180B-4C33-A929-0C950F99DA27}.Debug|ARM.Build.0 = Debug|Any CPU
		{1312A2D2-180B-4C33-A929-0C950F99DA27}.Debug|ARM.Deploy.0 = Debug|Any CPU
		{1312A2D2-180B-4C33-A929-0C950F99DA27}.Debug|iPhone.ActiveCfg = Debug|Any CPU
		{1312A2D2-180B-4C33-A929-0C950F99DA27}.Debug|iPhone.Build.0 = Debug|Any CPU
		{1312A2D2-180B-4C33-A929-0C950F99DA27}.Debug|iPhone.Deploy.0 = Debug|Any CPU
		{1312A2D2-180B-4C33-A929-0C950F99DA27}.Debug|iPhoneSimulator.ActiveCfg = Debug|Any CPU
		{1312A2D2-180B-4C33-A929-0C950F99DA27}.Debug|iPhoneSimulator.Build.0 = Debug|Any CPU
		{1312A2D2-180B-4C33-A929-0C950F99DA27}.Debug|iPhoneSimulator.Deploy.0 = Debug|Any CPU
		{1312A2D2-180B-4C33-A929-0C950F99DA27}.Debug|x64.ActiveCfg = Debug|Any CPU
		{1312A2D2-180B-4C33-A929-0C950F99DA27}.Debug|x64.Build.0 = Debug|Any CPU
		{1312A2D2-180B-4C33-A929-0C950F99DA27}.Debug|x64.Deploy.0 = Debug|Any CPU
		{1312A2D2-180B-4C33-A929-0C950F99DA27}.Debug|x86.ActiveCfg = Debug|Any CPU
		{1312A2D2-180B-4C33-A929-0C950F99DA27}.Debug|x86.Build.0 = Debug|Any CPU
		{1312A2D2-180B-4C33-A929-0C950F99DA27}.Debug|x86.Deploy.0 = Debug|Any CPU
		{1312A2D2-180B-4C33-A929-0C950F99DA27}.Release|Any CPU.ActiveCfg = Release|Any CPU
		{1312A2D2-180B-4C33-A929-0C950F99DA27}.Release|Any CPU.Build.0 = Release|Any CPU
		{1312A2D2-180B-4C33-A929-0C950F99DA27}.Release|Any CPU.Deploy.0 = Release|Any CPU
		{1312A2D2-180B-4C33-A929-0C950F99DA27}.Release|ARM.ActiveCfg = Release|Any CPU
		{1312A2D2-180B-4C33-A929-0C950F99DA27}.Release|ARM.Build.0 = Release|Any CPU
		{1312A2D2-180B-4C33-A929-0C950F99DA27}.Release|ARM.Deploy.0 = Release|Any CPU
		{1312A2D2-180B-4C33-A929-0C950F99DA27}.Release|iPhone.ActiveCfg = Release|Any CPU
		{1312A2D2-180B-4C33-A929-0C950F99DA27}.Release|iPhone.Build.0 = Release|Any CPU
		{1312A2D2-180B-4C33-A929-0C950F99DA27}.Release|iPhone.Deploy.0 = Release|Any CPU
		{1312A2D2-180B-4C33-A929-0C950F99DA27}.Release|iPhoneSimulator.ActiveCfg = Release|Any CPU
		{1312A2D2-180B-4C33-A929-0C950F99DA27}.Release|iPhoneSimulator.Build.0 = Release|Any CPU
		{1312A2D2-180B-4C33-A929-0C950F99DA27}.Release|iPhoneSimulator.Deploy.0 = Release|Any CPU
		{1312A2D2-180B-4C33-A929-0C950F99DA27}.Release|x64.ActiveCfg = Release|Any CPU
		{1312A2D2-180B-4C33-A929-0C950F99DA27}.Release|x64.Build.0 = Release|Any CPU
		{1312A2D2-180B-4C33-A929-0C950F99DA27}.Release|x64.Deploy.0 = Release|Any CPU
		{1312A2D2-180B-4C33-A929-0C950F99DA27}.Release|x86.ActiveCfg = Release|Any CPU
		{1312A2D2-180B-4C33-A929-0C950F99DA27}.Release|x86.Build.0 = Release|Any CPU
		{1312A2D2-180B-4C33-A929-0C950F99DA27}.Release|x86.Deploy.0 = Release|Any CPU
		{E8EB5917-E1B5-4B59-A000-4DBD55CC3C39}.Ad-Hoc|Any CPU.ActiveCfg = Release|Any CPU
		{E8EB5917-E1B5-4B59-A000-4DBD55CC3C39}.Ad-Hoc|Any CPU.Build.0 = Release|Any CPU
		{E8EB5917-E1B5-4B59-A000-4DBD55CC3C39}.Ad-Hoc|ARM.ActiveCfg = Release|Any CPU
		{E8EB5917-E1B5-4B59-A000-4DBD55CC3C39}.Ad-Hoc|ARM.Build.0 = Release|Any CPU
		{E8EB5917-E1B5-4B59-A000-4DBD55CC3C39}.Ad-Hoc|iPhone.ActiveCfg = Release|Any CPU
		{E8EB5917-E1B5-4B59-A000-4DBD55CC3C39}.Ad-Hoc|iPhone.Build.0 = Release|Any CPU
		{E8EB5917-E1B5-4B59-A000-4DBD55CC3C39}.Ad-Hoc|iPhoneSimulator.ActiveCfg = Release|Any CPU
		{E8EB5917-E1B5-4B59-A000-4DBD55CC3C39}.Ad-Hoc|iPhoneSimulator.Build.0 = Release|Any CPU
		{E8EB5917-E1B5-4B59-A000-4DBD55CC3C39}.Ad-Hoc|x64.ActiveCfg = Release|Any CPU
		{E8EB5917-E1B5-4B59-A000-4DBD55CC3C39}.Ad-Hoc|x64.Build.0 = Release|Any CPU
		{E8EB5917-E1B5-4B59-A000-4DBD55CC3C39}.Ad-Hoc|x86.ActiveCfg = Release|Any CPU
		{E8EB5917-E1B5-4B59-A000-4DBD55CC3C39}.Ad-Hoc|x86.Build.0 = Release|Any CPU
		{E8EB5917-E1B5-4B59-A000-4DBD55CC3C39}.AppStore|Any CPU.ActiveCfg = Release|Any CPU
		{E8EB5917-E1B5-4B59-A000-4DBD55CC3C39}.AppStore|Any CPU.Build.0 = Release|Any CPU
		{E8EB5917-E1B5-4B59-A000-4DBD55CC3C39}.AppStore|ARM.ActiveCfg = Release|Any CPU
		{E8EB5917-E1B5-4B59-A000-4DBD55CC3C39}.AppStore|ARM.Build.0 = Release|Any CPU
		{E8EB5917-E1B5-4B59-A000-4DBD55CC3C39}.AppStore|iPhone.ActiveCfg = Release|Any CPU
		{E8EB5917-E1B5-4B59-A000-4DBD55CC3C39}.AppStore|iPhone.Build.0 = Release|Any CPU
		{E8EB5917-E1B5-4B59-A000-4DBD55CC3C39}.AppStore|iPhoneSimulator.ActiveCfg = Release|Any CPU
		{E8EB5917-E1B5-4B59-A000-4DBD55CC3C39}.AppStore|iPhoneSimulator.Build.0 = Release|Any CPU
		{E8EB5917-E1B5-4B59-A000-4DBD55CC3C39}.AppStore|x64.ActiveCfg = Release|Any CPU
		{E8EB5917-E1B5-4B59-A000-4DBD55CC3C39}.AppStore|x64.Build.0 = Release|Any CPU
		{E8EB5917-E1B5-4B59-A000-4DBD55CC3C39}.AppStore|x86.ActiveCfg = Release|Any CPU
		{E8EB5917-E1B5-4B59-A000-4DBD55CC3C39}.AppStore|x86.Build.0 = Release|Any CPU
		{E8EB5917-E1B5-4B59-A000-4DBD55CC3C39}.Debug|Any CPU.ActiveCfg = Debug|Any CPU
		{E8EB5917-E1B5-4B59-A000-4DBD55CC3C39}.Debug|Any CPU.Build.0 = Debug|Any CPU
		{E8EB5917-E1B5-4B59-A000-4DBD55CC3C39}.Debug|ARM.ActiveCfg = Debug|Any CPU
		{E8EB5917-E1B5-4B59-A000-4DBD55CC3C39}.Debug|ARM.Build.0 = Debug|Any CPU
		{E8EB5917-E1B5-4B59-A000-4DBD55CC3C39}.Debug|iPhone.ActiveCfg = Debug|Any CPU
		{E8EB5917-E1B5-4B59-A000-4DBD55CC3C39}.Debug|iPhone.Build.0 = Debug|Any CPU
		{E8EB5917-E1B5-4B59-A000-4DBD55CC3C39}.Debug|iPhoneSimulator.ActiveCfg = Debug|Any CPU
		{E8EB5917-E1B5-4B59-A000-4DBD55CC3C39}.Debug|iPhoneSimulator.Build.0 = Debug|Any CPU
		{E8EB5917-E1B5-4B59-A000-4DBD55CC3C39}.Debug|x64.ActiveCfg = Debug|Any CPU
		{E8EB5917-E1B5-4B59-A000-4DBD55CC3C39}.Debug|x64.Build.0 = Debug|Any CPU
		{E8EB5917-E1B5-4B59-A000-4DBD55CC3C39}.Debug|x86.ActiveCfg = Debug|Any CPU
		{E8EB5917-E1B5-4B59-A000-4DBD55CC3C39}.Debug|x86.Build.0 = Debug|Any CPU
		{E8EB5917-E1B5-4B59-A000-4DBD55CC3C39}.Release|Any CPU.ActiveCfg = Release|Any CPU
		{E8EB5917-E1B5-4B59-A000-4DBD55CC3C39}.Release|Any CPU.Build.0 = Release|Any CPU
		{E8EB5917-E1B5-4B59-A000-4DBD55CC3C39}.Release|ARM.ActiveCfg = Release|Any CPU
		{E8EB5917-E1B5-4B59-A000-4DBD55CC3C39}.Release|ARM.Build.0 = Release|Any CPU
		{E8EB5917-E1B5-4B59-A000-4DBD55CC3C39}.Release|iPhone.ActiveCfg = Release|Any CPU
		{E8EB5917-E1B5-4B59-A000-4DBD55CC3C39}.Release|iPhone.Build.0 = Release|Any CPU
		{E8EB5917-E1B5-4B59-A000-4DBD55CC3C39}.Release|iPhoneSimulator.ActiveCfg = Release|Any CPU
		{E8EB5917-E1B5-4B59-A000-4DBD55CC3C39}.Release|iPhoneSimulator.Build.0 = Release|Any CPU
		{E8EB5917-E1B5-4B59-A000-4DBD55CC3C39}.Release|x64.ActiveCfg = Release|Any CPU
		{E8EB5917-E1B5-4B59-A000-4DBD55CC3C39}.Release|x64.Build.0 = Release|Any CPU
		{E8EB5917-E1B5-4B59-A000-4DBD55CC3C39}.Release|x86.ActiveCfg = Release|Any CPU
		{E8EB5917-E1B5-4B59-A000-4DBD55CC3C39}.Release|x86.Build.0 = Release|Any CPU
		{B14BAF6B-848C-4B0A-B7D0-6A01AF34BF50}.Ad-Hoc|Any CPU.ActiveCfg = Release|x86
		{B14BAF6B-848C-4B0A-B7D0-6A01AF34BF50}.Ad-Hoc|Any CPU.Build.0 = Release|x86
		{B14BAF6B-848C-4B0A-B7D0-6A01AF34BF50}.Ad-Hoc|Any CPU.Deploy.0 = Release|x86
		{B14BAF6B-848C-4B0A-B7D0-6A01AF34BF50}.Ad-Hoc|ARM.ActiveCfg = Release|ARM
		{B14BAF6B-848C-4B0A-B7D0-6A01AF34BF50}.Ad-Hoc|ARM.Build.0 = Release|ARM
		{B14BAF6B-848C-4B0A-B7D0-6A01AF34BF50}.Ad-Hoc|ARM.Deploy.0 = Release|ARM
		{B14BAF6B-848C-4B0A-B7D0-6A01AF34BF50}.Ad-Hoc|iPhone.ActiveCfg = Release|x86
		{B14BAF6B-848C-4B0A-B7D0-6A01AF34BF50}.Ad-Hoc|iPhone.Build.0 = Release|x86
		{B14BAF6B-848C-4B0A-B7D0-6A01AF34BF50}.Ad-Hoc|iPhone.Deploy.0 = Release|x86
		{B14BAF6B-848C-4B0A-B7D0-6A01AF34BF50}.Ad-Hoc|iPhoneSimulator.ActiveCfg = Release|x86
		{B14BAF6B-848C-4B0A-B7D0-6A01AF34BF50}.Ad-Hoc|iPhoneSimulator.Build.0 = Release|x86
		{B14BAF6B-848C-4B0A-B7D0-6A01AF34BF50}.Ad-Hoc|iPhoneSimulator.Deploy.0 = Release|x86
		{B14BAF6B-848C-4B0A-B7D0-6A01AF34BF50}.Ad-Hoc|x64.ActiveCfg = Release|x64
		{B14BAF6B-848C-4B0A-B7D0-6A01AF34BF50}.Ad-Hoc|x64.Build.0 = Release|x64
		{B14BAF6B-848C-4B0A-B7D0-6A01AF34BF50}.Ad-Hoc|x64.Deploy.0 = Release|x64
		{B14BAF6B-848C-4B0A-B7D0-6A01AF34BF50}.Ad-Hoc|x86.ActiveCfg = Release|x86
		{B14BAF6B-848C-4B0A-B7D0-6A01AF34BF50}.Ad-Hoc|x86.Build.0 = Release|x86
		{B14BAF6B-848C-4B0A-B7D0-6A01AF34BF50}.Ad-Hoc|x86.Deploy.0 = Release|x86
		{B14BAF6B-848C-4B0A-B7D0-6A01AF34BF50}.AppStore|Any CPU.ActiveCfg = Release|x86
		{B14BAF6B-848C-4B0A-B7D0-6A01AF34BF50}.AppStore|Any CPU.Build.0 = Release|x86
		{B14BAF6B-848C-4B0A-B7D0-6A01AF34BF50}.AppStore|Any CPU.Deploy.0 = Release|x86
		{B14BAF6B-848C-4B0A-B7D0-6A01AF34BF50}.AppStore|ARM.ActiveCfg = Release|ARM
		{B14BAF6B-848C-4B0A-B7D0-6A01AF34BF50}.AppStore|ARM.Build.0 = Release|ARM
		{B14BAF6B-848C-4B0A-B7D0-6A01AF34BF50}.AppStore|ARM.Deploy.0 = Release|ARM
		{B14BAF6B-848C-4B0A-B7D0-6A01AF34BF50}.AppStore|iPhone.ActiveCfg = Release|x86
		{B14BAF6B-848C-4B0A-B7D0-6A01AF34BF50}.AppStore|iPhone.Build.0 = Release|x86
		{B14BAF6B-848C-4B0A-B7D0-6A01AF34BF50}.AppStore|iPhone.Deploy.0 = Release|x86
		{B14BAF6B-848C-4B0A-B7D0-6A01AF34BF50}.AppStore|iPhoneSimulator.ActiveCfg = Release|x86
		{B14BAF6B-848C-4B0A-B7D0-6A01AF34BF50}.AppStore|iPhoneSimulator.Build.0 = Release|x86
		{B14BAF6B-848C-4B0A-B7D0-6A01AF34BF50}.AppStore|iPhoneSimulator.Deploy.0 = Release|x86
		{B14BAF6B-848C-4B0A-B7D0-6A01AF34BF50}.AppStore|x64.ActiveCfg = Release|x64
		{B14BAF6B-848C-4B0A-B7D0-6A01AF34BF50}.AppStore|x64.Build.0 = Release|x64
		{B14BAF6B-848C-4B0A-B7D0-6A01AF34BF50}.AppStore|x64.Deploy.0 = Release|x64
		{B14BAF6B-848C-4B0A-B7D0-6A01AF34BF50}.AppStore|x86.ActiveCfg = Release|x86
		{B14BAF6B-848C-4B0A-B7D0-6A01AF34BF50}.AppStore|x86.Build.0 = Release|x86
		{B14BAF6B-848C-4B0A-B7D0-6A01AF34BF50}.AppStore|x86.Deploy.0 = Release|x86
		{B14BAF6B-848C-4B0A-B7D0-6A01AF34BF50}.Debug|Any CPU.ActiveCfg = Debug|x86
		{B14BAF6B-848C-4B0A-B7D0-6A01AF34BF50}.Debug|ARM.ActiveCfg = Debug|ARM
		{B14BAF6B-848C-4B0A-B7D0-6A01AF34BF50}.Debug|ARM.Build.0 = Debug|ARM
		{B14BAF6B-848C-4B0A-B7D0-6A01AF34BF50}.Debug|ARM.Deploy.0 = Debug|ARM
		{B14BAF6B-848C-4B0A-B7D0-6A01AF34BF50}.Debug|iPhone.ActiveCfg = Debug|x86
		{B14BAF6B-848C-4B0A-B7D0-6A01AF34BF50}.Debug|iPhoneSimulator.ActiveCfg = Debug|x86
		{B14BAF6B-848C-4B0A-B7D0-6A01AF34BF50}.Debug|x64.ActiveCfg = Debug|x64
		{B14BAF6B-848C-4B0A-B7D0-6A01AF34BF50}.Debug|x64.Build.0 = Debug|x64
		{B14BAF6B-848C-4B0A-B7D0-6A01AF34BF50}.Debug|x64.Deploy.0 = Debug|x64
		{B14BAF6B-848C-4B0A-B7D0-6A01AF34BF50}.Debug|x86.ActiveCfg = Debug|x86
		{B14BAF6B-848C-4B0A-B7D0-6A01AF34BF50}.Debug|x86.Build.0 = Debug|x86
		{B14BAF6B-848C-4B0A-B7D0-6A01AF34BF50}.Debug|x86.Deploy.0 = Debug|x86
		{B14BAF6B-848C-4B0A-B7D0-6A01AF34BF50}.Release|Any CPU.ActiveCfg = Release|x86
		{B14BAF6B-848C-4B0A-B7D0-6A01AF34BF50}.Release|ARM.ActiveCfg = Release|ARM
		{B14BAF6B-848C-4B0A-B7D0-6A01AF34BF50}.Release|ARM.Build.0 = Release|ARM
		{B14BAF6B-848C-4B0A-B7D0-6A01AF34BF50}.Release|ARM.Deploy.0 = Release|ARM
		{B14BAF6B-848C-4B0A-B7D0-6A01AF34BF50}.Release|iPhone.ActiveCfg = Release|x86
		{B14BAF6B-848C-4B0A-B7D0-6A01AF34BF50}.Release|iPhoneSimulator.ActiveCfg = Release|x86
		{B14BAF6B-848C-4B0A-B7D0-6A01AF34BF50}.Release|x64.ActiveCfg = Release|x64
		{B14BAF6B-848C-4B0A-B7D0-6A01AF34BF50}.Release|x64.Build.0 = Release|x64
		{B14BAF6B-848C-4B0A-B7D0-6A01AF34BF50}.Release|x64.Deploy.0 = Release|x64
		{B14BAF6B-848C-4B0A-B7D0-6A01AF34BF50}.Release|x86.ActiveCfg = Release|x86
		{B14BAF6B-848C-4B0A-B7D0-6A01AF34BF50}.Release|x86.Build.0 = Release|x86
		{B14BAF6B-848C-4B0A-B7D0-6A01AF34BF50}.Release|x86.Deploy.0 = Release|x86
		{A9C7C801-C84E-4B1A-98AE-356EB437F28F}.Ad-Hoc|Any CPU.ActiveCfg = Ad-Hoc|iPhone
		{A9C7C801-C84E-4B1A-98AE-356EB437F28F}.Ad-Hoc|ARM.ActiveCfg = Ad-Hoc|iPhone
		{A9C7C801-C84E-4B1A-98AE-356EB437F28F}.Ad-Hoc|iPhone.ActiveCfg = Ad-Hoc|iPhone
		{A9C7C801-C84E-4B1A-98AE-356EB437F28F}.Ad-Hoc|iPhone.Build.0 = Ad-Hoc|iPhone
		{A9C7C801-C84E-4B1A-98AE-356EB437F28F}.Ad-Hoc|iPhoneSimulator.ActiveCfg = Ad-Hoc|iPhoneSimulator
		{A9C7C801-C84E-4B1A-98AE-356EB437F28F}.Ad-Hoc|iPhoneSimulator.Build.0 = Ad-Hoc|iPhoneSimulator
		{A9C7C801-C84E-4B1A-98AE-356EB437F28F}.Ad-Hoc|x64.ActiveCfg = Ad-Hoc|iPhone
		{A9C7C801-C84E-4B1A-98AE-356EB437F28F}.Ad-Hoc|x86.ActiveCfg = Ad-Hoc|iPhone
		{A9C7C801-C84E-4B1A-98AE-356EB437F28F}.AppStore|Any CPU.ActiveCfg = AppStore|iPhone
		{A9C7C801-C84E-4B1A-98AE-356EB437F28F}.AppStore|ARM.ActiveCfg = AppStore|iPhone
		{A9C7C801-C84E-4B1A-98AE-356EB437F28F}.AppStore|iPhone.ActiveCfg = AppStore|iPhone
		{A9C7C801-C84E-4B1A-98AE-356EB437F28F}.AppStore|iPhone.Build.0 = AppStore|iPhone
		{A9C7C801-C84E-4B1A-98AE-356EB437F28F}.AppStore|iPhoneSimulator.ActiveCfg = AppStore|iPhoneSimulator
		{A9C7C801-C84E-4B1A-98AE-356EB437F28F}.AppStore|iPhoneSimulator.Build.0 = AppStore|iPhoneSimulator
		{A9C7C801-C84E-4B1A-98AE-356EB437F28F}.AppStore|x64.ActiveCfg = AppStore|iPhone
		{A9C7C801-C84E-4B1A-98AE-356EB437F28F}.AppStore|x86.ActiveCfg = AppStore|iPhone
		{A9C7C801-C84E-4B1A-98AE-356EB437F28F}.Debug|Any CPU.ActiveCfg = Debug|iPhone
		{A9C7C801-C84E-4B1A-98AE-356EB437F28F}.Debug|ARM.ActiveCfg = Debug|iPhone
		{A9C7C801-C84E-4B1A-98AE-356EB437F28F}.Debug|iPhone.ActiveCfg = Debug|iPhone
		{A9C7C801-C84E-4B1A-98AE-356EB437F28F}.Debug|iPhone.Build.0 = Debug|iPhone
		{A9C7C801-C84E-4B1A-98AE-356EB437F28F}.Debug|iPhoneSimulator.ActiveCfg = Debug|iPhoneSimulator
		{A9C7C801-C84E-4B1A-98AE-356EB437F28F}.Debug|iPhoneSimulator.Build.0 = Debug|iPhoneSimulator
		{A9C7C801-C84E-4B1A-98AE-356EB437F28F}.Debug|x64.ActiveCfg = Debug|iPhone
		{A9C7C801-C84E-4B1A-98AE-356EB437F28F}.Debug|x86.ActiveCfg = Debug|iPhone
		{A9C7C801-C84E-4B1A-98AE-356EB437F28F}.Release|Any CPU.ActiveCfg = Release|iPhone
		{A9C7C801-C84E-4B1A-98AE-356EB437F28F}.Release|ARM.ActiveCfg = Release|iPhone
		{A9C7C801-C84E-4B1A-98AE-356EB437F28F}.Release|iPhone.ActiveCfg = Release|iPhone
		{A9C7C801-C84E-4B1A-98AE-356EB437F28F}.Release|iPhone.Build.0 = Release|iPhone
		{A9C7C801-C84E-4B1A-98AE-356EB437F28F}.Release|iPhoneSimulator.ActiveCfg = Release|iPhoneSimulator
		{A9C7C801-C84E-4B1A-98AE-356EB437F28F}.Release|iPhoneSimulator.Build.0 = Release|iPhoneSimulator
		{A9C7C801-C84E-4B1A-98AE-356EB437F28F}.Release|x64.ActiveCfg = Release|iPhone
		{A9C7C801-C84E-4B1A-98AE-356EB437F28F}.Release|x86.ActiveCfg = Release|iPhone
	EndGlobalSection
	GlobalSection(SolutionProperties) = preSolution
		HideSolutionNode = FALSE
	EndGlobalSection
	GlobalSection(ExtensibilityGlobals) = postSolution
		SolutionGuid = {81D03B04-BEF3-46A6-968D-C7A3376EDA8E}
	EndGlobalSection
EndGlobal
